
Microsoft Visual Studio Solution File, Format Version 12.00
# Visual Studio Version 16
VisualStudioVersion = 16.0.30907.101
MinimumVisualStudioVersion = 10.0.40219.1
Project("{9A19103F-16F7-4668-BE54-9A1E7A4F7556}") = "OOP2", "OOP2\OOP2.csproj", "{B18DCD1A-80D2-4F49-B16F-6A6D011663C3}"
EndProject
Project("{FAE04EC0-301F-11D3-BF4B-00C04F79EFBC}") = "OOP3", "OOP3\OOP3.csproj", "{10786CD4-6348-4218-AB9B-84BB5555F210}"
EndProject
Global
	GlobalSection(SolutionConfigurationPlatforms) = preSolution
		Debug|Any CPU = Debug|Any CPU
		Release|Any CPU = Release|Any CPU
	EndGlobalSection
	GlobalSection(ProjectConfigurationPlatforms) = postSolution
		{B18DCD1A-80D2-4F49-B16F-6A6D011663C3}.Debug|Any CPU.ActiveCfg = Debug|Any CPU
		{B18DCD1A-80D2-4F49-B16F-6A6D011663C3}.Debug|Any CPU.Build.0 = Debug|Any CPU
		{B18DCD1A-80D2-4F49-B16F-6A6D011663C3}.Release|Any CPU.ActiveCfg = Release|Any CPU
		{B18DCD1A-80D2-4F49-B16F-6A6D011663C3}.Release|Any CPU.Build.0 = Release|Any CPU
		{10786CD4-6348-4218-AB9B-84BB5555F210}.Debug|Any CPU.ActiveCfg = Debug|Any CPU
		{10786CD4-6348-4218-AB9B-84BB5555F210}.Debug|Any CPU.Build.0 = Debug|Any CPU
		{10786CD4-6348-4218-AB9B-84BB5555F210}.Release|Any CPU.ActiveCfg = Release|Any CPU
		{10786CD4-6348-4218-AB9B-84BB5555F210}.Release|Any CPU.Build.0 = Release|Any CPU
	EndGlobalSection
	GlobalSection(SolutionProperties) = preSolution
		HideSolutionNode = FALSE
	EndGlobalSection
	GlobalSection(ExtensibilityGlobals) = postSolution
		SolutionGuid = {6D125731-FA13-490B-866F-CF3C2EEB12F5}
	EndGlobalSection
EndGlobal
